// !$*UTF8*$!
{
	archiveVersion = 1;
	classes = {
	};
	objectVersion = 50;
	objects = {

/* Begin PBXBuildFile section */
		CE8BD5502335F59E00F6F0C5 /* AppDelegate.swift in Sources */ = {isa = PBXBuildFile; fileRef = CE8BD54F2335F59E00F6F0C5 /* AppDelegate.swift */; };
		CE8BD5522335F59E00F6F0C5 /* SceneDelegate.swift in Sources */ = {isa = PBXBuildFile; fileRef = CE8BD5512335F59E00F6F0C5 /* SceneDelegate.swift */; };
		CE8BD5542335F59E00F6F0C5 /* ViewController.swift in Sources */ = {isa = PBXBuildFile; fileRef = CE8BD5532335F59E00F6F0C5 /* ViewController.swift */; };
		CE8BD5572335F59E00F6F0C5 /* Main.storyboard in Resources */ = {isa = PBXBuildFile; fileRef = CE8BD5552335F59E00F6F0C5 /* Main.storyboard */; };
		CE8BD5592335F59F00F6F0C5 /* Assets.xcassets in Resources */ = {isa = PBXBuildFile; fileRef = CE8BD5582335F59F00F6F0C5 /* Assets.xcassets */; };
		CE8BD55C2335F59F00F6F0C5 /* LaunchScreen.storyboard in Resources */ = {isa = PBXBuildFile; fileRef = CE8BD55A2335F59F00F6F0C5 /* LaunchScreen.storyboard */; };
		CE8BD5672335F59F00F6F0C5 /* HappyMapTests.swift in Sources */ = {isa = PBXBuildFile; fileRef = CE8BD5662335F59F00F6F0C5 /* HappyMapTests.swift */; };
		CE8BD5722335F59F00F6F0C5 /* HappyMapUITests.swift in Sources */ = {isa = PBXBuildFile; fileRef = CE8BD5712335F59F00F6F0C5 /* HappyMapUITests.swift */; };
/* End PBXBuildFile section */

/* Begin PBXContainerItemProxy section */
		CE8BD5632335F59F00F6F0C5 /* PBXContainerItemProxy */ = {
			isa = PBXContainerItemProxy;
			containerPortal = CE8BD5442335F59E00F6F0C5 /* Project object */;
			proxyType = 1;
			remoteGlobalIDString = CE8BD54B2335F59E00F6F0C5;
			remoteInfo = HappyMap;
		};
		CE8BD56E2335F59F00F6F0C5 /* PBXContainerItemProxy */ = {
			isa = PBXContainerItemProxy;
			containerPortal = CE8BD5442335F59E00F6F0C5 /* Project object */;
			proxyType = 1;
			remoteGlobalIDString = CE8BD54B2335F59E00F6F0C5;
			remoteInfo = HappyMap;
		};
/* End PBXContainerItemProxy section */

/* Begin PBXFileReference section */
		CE8BD54C2335F59E00F6F0C5 /* HappyMap.app */ = {isa = PBXFileReference; explicitFileType = wrapper.application; includeInIndex = 0; path = HappyMap.app; sourceTree = BUILT_PRODUCTS_DIR; };
		CE8BD54F2335F59E00F6F0C5 /* AppDelegate.swift */ = {isa = PBXFileReference; lastKnownFileType = sourcecode.swift; path = AppDelegate.swift; sourceTree = "<group>"; };
		CE8BD5512335F59E00F6F0C5 /* SceneDelegate.swift */ = {isa = PBXFileReference; lastKnownFileType = sourcecode.swift; path = SceneDelegate.swift; sourceTree = "<group>"; };
		CE8BD5532335F59E00F6F0C5 /* ViewController.swift */ = {isa = PBXFileReference; lastKnownFileType = sourcecode.swift; path = ViewController.swift; sourceTree = "<group>"; };
		CE8BD5562335F59E00F6F0C5 /* Base */ = {isa = PBXFileReference; lastKnownFileType = file.storyboard; name = Base; path = Base.lproj/Main.storyboard; sourceTree = "<group>"; };
		CE8BD5582335F59F00F6F0C5 /* Assets.xcassets */ = {isa = PBXFileReference; lastKnownFileType = folder.assetcatalog; path = Assets.xcassets; sourceTree = "<group>"; };
		CE8BD55B2335F59F00F6F0C5 /* Base */ = {isa = PBXFileReference; lastKnownFileType = file.storyboard; name = Base; path = Base.lproj/LaunchScreen.storyboard; sourceTree = "<group>"; };
		CE8BD55D2335F59F00F6F0C5 /* Info.plist */ = {isa = PBXFileReference; lastKnownFileType = text.plist.xml; path = Info.plist; sourceTree = "<group>"; };
		CE8BD5622335F59F00F6F0C5 /* HappyMapTests.xctest */ = {isa = PBXFileReference; explicitFileType = wrapper.cfbundle; includeInIndex = 0; path = HappyMapTests.xctest; sourceTree = BUILT_PRODUCTS_DIR; };
		CE8BD5662335F59F00F6F0C5 /* HappyMapTests.swift */ = {isa = PBXFileReference; lastKnownFileType = sourcecode.swift; path = HappyMapTests.swift; sourceTree = "<group>"; };
		CE8BD5682335F59F00F6F0C5 /* Info.plist */ = {isa = PBXFileReference; lastKnownFileType = text.plist.xml; path = Info.plist; sourceTree = "<group>"; };
		CE8BD56D2335F59F00F6F0C5 /* HappyMapUITests.xctest */ = {isa = PBXFileReference; explicitFileType = wrapper.cfbundle; includeInIndex = 0; path = HappyMapUITests.xctest; sourceTree = BUILT_PRODUCTS_DIR; };
		CE8BD5712335F59F00F6F0C5 /* HappyMapUITests.swift */ = {isa = PBXFileReference; lastKnownFileType = sourcecode.swift; path = HappyMapUITests.swift; sourceTree = "<group>"; };
		CE8BD5732335F59F00F6F0C5 /* Info.plist */ = {isa = PBXFileReference; lastKnownFileType = text.plist.xml; path = Info.plist; sourceTree = "<group>"; };
/* End PBXFileReference section */

/* Begin PBXFrameworksBuildPhase section */
		CE8BD5492335F59E00F6F0C5 /* Frameworks */ = {
			isa = PBXFrameworksBuildPhase;
			buildActionMask = 2147483647;
			files = (
			);
			runOnlyForDeploymentPostprocessing = 0;
		};
		CE8BD55F2335F59F00F6F0C5 /* Frameworks */ = {
			isa = PBXFrameworksBuildPhase;
			buildActionMask = 2147483647;
			files = (
			);
			runOnlyForDeploymentPostprocessing = 0;
		};
		CE8BD56A2335F59F00F6F0C5 /* Frameworks */ = {
			isa = PBXFrameworksBuildPhase;
			buildActionMask = 2147483647;
			files = (
			);
			runOnlyForDeploymentPostprocessing = 0;
		};
/* End PBXFrameworksBuildPhase section */

/* Begin PBXGroup section */
		CE8BD5432335F59E00F6F0C5 = {
			isa = PBXGroup;
			children = (
				CE8BD54E2335F59E00F6F0C5 /* HappyMap */,
				CE8BD5652335F59F00F6F0C5 /* HappyMapTests */,
				CE8BD5702335F59F00F6F0C5 /* HappyMapUITests */,
				CE8BD54D2335F59E00F6F0C5 /* Products */,
			);
			sourceTree = "<group>";
		};
		CE8BD54D2335F59E00F6F0C5 /* Products */ = {
			isa = PBXGroup;
			children = (
				CE8BD54C2335F59E00F6F0C5 /* HappyMap.app */,
				CE8BD5622335F59F00F6F0C5 /* HappyMapTests.xctest */,
				CE8BD56D2335F59F00F6F0C5 /* HappyMapUITests.xctest */,
			);
			name = Products;
			sourceTree = "<group>";
		};
		CE8BD54E2335F59E00F6F0C5 /* HappyMap */ = {
			isa = PBXGroup;
			children = (
				CE8BD54F2335F59E00F6F0C5 /* AppDelegate.swift */,
				CE8BD5512335F59E00F6F0C5 /* SceneDelegate.swift */,
				CE8BD5532335F59E00F6F0C5 /* ViewController.swift */,
				CE8BD5552335F59E00F6F0C5 /* Main.storyboard */,
				CE8BD5582335F59F00F6F0C5 /* Assets.xcassets */,
				CE8BD55A2335F59F00F6F0C5 /* LaunchScreen.storyboard */,
				CE8BD55D2335F59F00F6F0C5 /* Info.plist */,
			);
			path = HappyMap;
			sourceTree = "<group>";
		};
		CE8BD5652335F59F00F6F0C5 /* HappyMapTests */ = {
			isa = PBXGroup;
			children = (
				CE8BD5662335F59F00F6F0C5 /* HappyMapTests.swift */,
				CE8BD5682335F59F00F6F0C5 /* Info.plist */,
			);
			path = HappyMapTests;
			sourceTree = "<group>";
		};
		CE8BD5702335F59F00F6F0C5 /* HappyMapUITests */ = {
			isa = PBXGroup;
			children = (
				CE8BD5712335F59F00F6F0C5 /* HappyMapUITests.swift */,
				CE8BD5732335F59F00F6F0C5 /* Info.plist */,
			);
			path = HappyMapUITests;
			sourceTree = "<group>";
		};
/* End PBXGroup section */

/* Begin PBXNativeTarget section */
		CE8BD54B2335F59E00F6F0C5 /* HappyMap */ = {
			isa = PBXNativeTarget;
			buildConfigurationList = CE8BD5762335F59F00F6F0C5 /* Build configuration list for PBXNativeTarget "HappyMap" */;
			buildPhases = (
				CE8BD5482335F59E00F6F0C5 /* Sources */,
				CE8BD5492335F59E00F6F0C5 /* Frameworks */,
				CE8BD54A2335F59E00F6F0C5 /* Resources */,
			);
			buildRules = (
			);
			dependencies = (
			);
			name = HappyMap;
			productName = HappyMap;
			productReference = CE8BD54C2335F59E00F6F0C5 /* HappyMap.app */;
			productType = "com.apple.product-type.application";
		};
		CE8BD5612335F59F00F6F0C5 /* HappyMapTests */ = {
			isa = PBXNativeTarget;
			buildConfigurationList = CE8BD5792335F59F00F6F0C5 /* Build configuration list for PBXNativeTarget "HappyMapTests" */;
			buildPhases = (
				CE8BD55E2335F59F00F6F0C5 /* Sources */,
				CE8BD55F2335F59F00F6F0C5 /* Frameworks */,
				CE8BD5602335F59F00F6F0C5 /* Resources */,
			);
			buildRules = (
			);
			dependencies = (
				CE8BD5642335F59F00F6F0C5 /* PBXTargetDependency */,
			);
			name = HappyMapTests;
			productName = HappyMapTests;
			productReference = CE8BD5622335F59F00F6F0C5 /* HappyMapTests.xctest */;
			productType = "com.apple.product-type.bundle.unit-test";
		};
		CE8BD56C2335F59F00F6F0C5 /* HappyMapUITests */ = {
			isa = PBXNativeTarget;
			buildConfigurationList = CE8BD57C2335F59F00F6F0C5 /* Build configuration list for PBXNativeTarget "HappyMapUITests" */;
			buildPhases = (
				CE8BD5692335F59F00F6F0C5 /* Sources */,
				CE8BD56A2335F59F00F6F0C5 /* Frameworks */,
				CE8BD56B2335F59F00F6F0C5 /* Resources */,
			);
			buildRules = (
			);
			dependencies = (
				CE8BD56F2335F59F00F6F0C5 /* PBXTargetDependency */,
			);
			name = HappyMapUITests;
			productName = HappyMapUITests;
			productReference = CE8BD56D2335F59F00F6F0C5 /* HappyMapUITests.xctest */;
			productType = "com.apple.product-type.bundle.ui-testing";
		};
/* End PBXNativeTarget section */

/* Begin PBXProject section */
		CE8BD5442335F59E00F6F0C5 /* Project object */ = {
			isa = PBXProject;
			attributes = {
				LastSwiftUpdateCheck = 1100;
				LastUpgradeCheck = 1100;
				ORGANIZATIONNAME = user;
				TargetAttributes = {
					CE8BD54B2335F59E00F6F0C5 = {
						CreatedOnToolsVersion = 11.0;
					};
					CE8BD5612335F59F00F6F0C5 = {
						CreatedOnToolsVersion = 11.0;
						TestTargetID = CE8BD54B2335F59E00F6F0C5;
					};
					CE8BD56C2335F59F00F6F0C5 = {
						CreatedOnToolsVersion = 11.0;
						TestTargetID = CE8BD54B2335F59E00F6F0C5;
					};
				};
			};
			buildConfigurationList = CE8BD5472335F59E00F6F0C5 /* Build configuration list for PBXProject "HappyMap" */;
			compatibilityVersion = "Xcode 9.3";
			developmentRegion = en;
			hasScannedForEncodings = 0;
			knownRegions = (
				en,
				Base,
			);
			mainGroup = CE8BD5432335F59E00F6F0C5;
			productRefGroup = CE8BD54D2335F59E00F6F0C5 /* Products */;
			projectDirPath = "";
			projectRoot = "";
			targets = (
				CE8BD54B2335F59E00F6F0C5 /* HappyMap */,
				CE8BD5612335F59F00F6F0C5 /* HappyMapTests */,
				CE8BD56C2335F59F00F6F0C5 /* HappyMapUITests */,
			);
		};
/* End PBXProject section */

/* Begin PBXResourcesBuildPhase section */
		CE8BD54A2335F59E00F6F0C5 /* Resources */ = {
			isa = PBXResourcesBuildPhase;
			buildActionMask = 2147483647;
			files = (
				CE8BD55C2335F59F00F6F0C5 /* LaunchScreen.storyboard in Resources */,
				CE8BD5592335F59F00F6F0C5 /* Assets.xcassets in Resources */,
				CE8BD5572335F59E00F6F0C5 /* Main.storyboard in Resources */,
			);
			runOnlyForDeploymentPostprocessing = 0;
		};
		CE8BD5602335F59F00F6F0C5 /* Resources */ = {
			isa = PBXResourcesBuildPhase;
			buildActionMask = 2147483647;
			files = (
			);
			runOnlyForDeploymentPostprocessing = 0;
		};
		CE8BD56B2335F59F00F6F0C5 /* Resources */ = {
			isa = PBXResourcesBuildPhase;
			buildActionMask = 2147483647;
			files = (
			);
			runOnlyForDeploymentPostprocessing = 0;
		};
/* End PBXResourcesBuildPhase section */

/* Begin PBXSourcesBuildPhase section */
		CE8BD5482335F59E00F6F0C5 /* Sources */ = {
			isa = PBXSourcesBuildPhase;
			buildActionMask = 2147483647;
			files = (
				CE8BD5542335F59E00F6F0C5 /* ViewController.swift in Sources */,
				CE8BD5502335F59E00F6F0C5 /* AppDelegate.swift in Sources */,
				CE8BD5522335F59E00F6F0C5 /* SceneDelegate.swift in Sources */,
			);
			runOnlyForDeploymentPostprocessing = 0;
		};
		CE8BD55E2335F59F00F6F0C5 /* Sources */ = {
			isa = PBXSourcesBuildPhase;
			buildActionMask = 2147483647;
			files = (
				CE8BD5672335F59F00F6F0C5 /* HappyMapTests.swift in Sources */,
			);
			runOnlyForDeploymentPostprocessing = 0;
		};
		CE8BD5692335F59F00F6F0C5 /* Sources */ = {
			isa = PBXSourcesBuildPhase;
			buildActionMask = 2147483647;
			files = (
				CE8BD5722335F59F00F6F0C5 /* HappyMapUITests.swift in Sources */,
			);
			runOnlyForDeploymentPostprocessing = 0;
		};
/* End PBXSourcesBuildPhase section */

/* Begin PBXTargetDependency section */
		CE8BD5642335F59F00F6F0C5 /* PBXTargetDependency */ = {
			isa = PBXTargetDependency;
			target = CE8BD54B2335F59E00F6F0C5 /* HappyMap */;
			targetProxy = CE8BD5632335F59F00F6F0C5 /* PBXContainerItemProxy */;
		};
		CE8BD56F2335F59F00F6F0C5 /* PBXTargetDependency */ = {
			isa = PBXTargetDependency;
			target = CE8BD54B2335F59E00F6F0C5 /* HappyMap */;
			targetProxy = CE8BD56E2335F59F00F6F0C5 /* PBXContainerItemProxy */;
		};
/* End PBXTargetDependency section */

/* Begin PBXVariantGroup section */
		CE8BD5552335F59E00F6F0C5 /* Main.storyboard */ = {
			isa = PBXVariantGroup;
			children = (
				CE8BD5562335F59E00F6F0C5 /* Base */,
			);
			name = Main.storyboard;
			sourceTree = "<group>";
		};
		CE8BD55A2335F59F00F6F0C5 /* LaunchScreen.storyboard */ = {
			isa = PBXVariantGroup;
			children = (
				CE8BD55B2335F59F00F6F0C5 /* Base */,
			);
			name = LaunchScreen.storyboard;
			sourceTree = "<group>";
		};
/* End PBXVariantGroup section */

/* Begin XCBuildConfiguration section */
		CE8BD5742335F59F00F6F0C5 /* Debug */ = {
			isa = XCBuildConfiguration;
			buildSettings = {
				ALWAYS_SEARCH_USER_PATHS = NO;
				CLANG_ANALYZER_NONNULL = YES;
				CLANG_ANALYZER_NUMBER_OBJECT_CONVERSION = YES_AGGRESSIVE;
				CLANG_CXX_LANGUAGE_STANDARD = "gnu++14";
				CLANG_CXX_LIBRARY = "libc++";
				CLANG_ENABLE_MODULES = YES;
				CLANG_ENABLE_OBJC_ARC = YES;
				CLANG_ENABLE_OBJC_WEAK = YES;
				CLANG_WARN_BLOCK_CAPTURE_AUTORELEASING = YES;
				CLANG_WARN_BOOL_CONVERSION = YES;
				CLANG_WARN_COMMA = YES;
				CLANG_WARN_CONSTANT_CONVERSION = YES;
				CLANG_WARN_DEPRECATED_OBJC_IMPLEMENTATIONS = YES;
				CLANG_WARN_DIRECT_OBJC_ISA_USAGE = YES_ERROR;
				CLANG_WARN_DOCUMENTATION_COMMENTS = YES;
				CLANG_WARN_EMPTY_BODY = YES;
				CLANG_WARN_ENUM_CONVERSION = YES;
				CLANG_WARN_INFINITE_RECURSION = YES;
				CLANG_WARN_INT_CONVERSION = YES;
				CLANG_WARN_NON_LITERAL_NULL_CONVERSION = YES;
				CLANG_WARN_OBJC_IMPLICIT_RETAIN_SELF = YES;
				CLANG_WARN_OBJC_LITERAL_CONVERSION = YES;
				CLANG_WARN_OBJC_ROOT_CLASS = YES_ERROR;
				CLANG_WARN_RANGE_LOOP_ANALYSIS = YES;
				CLANG_WARN_STRICT_PROTOTYPES = YES;
				CLANG_WARN_SUSPICIOUS_MOVE = YES;
				CLANG_WARN_UNGUARDED_AVAILABILITY = YES_AGGRESSIVE;
				CLANG_WARN_UNREACHABLE_CODE = YES;
				CLANG_WARN__DUPLICATE_METHOD_MATCH = YES;
				COPY_PHASE_STRIP = NO;
				DEBUG_INFORMATION_FORMAT = dwarf;
				ENABLE_STRICT_OBJC_MSGSEND = YES;
				ENABLE_TESTABILITY = YES;
				GCC_C_LANGUAGE_STANDARD = gnu11;
				GCC_DYNAMIC_NO_PIC = NO;
				GCC_NO_COMMON_BLOCKS = YES;
				GCC_OPTIMIZATION_LEVEL = 0;
				GCC_PREPROCESSOR_DEFINITIONS = (
					"DEBUG=1",
					"$(inherited)",
				);
				GCC_WARN_64_TO_32_BIT_CONVERSION = YES;
				GCC_WARN_ABOUT_RETURN_TYPE = YES_ERROR;
				GCC_WARN_UNDECLARED_SELECTOR = YES;
				GCC_WARN_UNINITIALIZED_AUTOS = YES_AGGRESSIVE;
				GCC_WARN_UNUSED_FUNCTION = YES;
				GCC_WARN_UNUSED_VARIABLE = YES;
				IPHONEOS_DEPLOYMENT_TARGET = 13.0;
				MTL_ENABLE_DEBUG_INFO = INCLUDE_SOURCE;
				MTL_FAST_MATH = YES;
				ONLY_ACTIVE_ARCH = YES;
				SDKROOT = iphoneos;
				SWIFT_ACTIVE_COMPILATION_CONDITIONS = DEBUG;
				SWIFT_OPTIMIZATION_LEVEL = "-Onone";
			};
			name = Debug;
		};
		CE8BD5752335F59F00F6F0C5 /* Release */ = {
			isa = XCBuildConfiguration;
			buildSettings = {
				ALWAYS_SEARCH_USER_PATHS = NO;
				CLANG_ANALYZER_NONNULL = YES;
				CLANG_ANALYZER_NUMBER_OBJECT_CONVERSION = YES_AGGRESSIVE;
				CLANG_CXX_LANGUAGE_STANDARD = "gnu++14";
				CLANG_CXX_LIBRARY = "libc++";
				CLANG_ENABLE_MODULES = YES;
				CLANG_ENABLE_OBJC_ARC = YES;
				CLANG_ENABLE_OBJC_WEAK = YES;
				CLANG_WARN_BLOCK_CAPTURE_AUTORELEASING = YES;
				CLANG_WARN_BOOL_CONVERSION = YES;
				CLANG_WARN_COMMA = YES;
				CLANG_WARN_CONSTANT_CONVERSION = YES;
				CLANG_WARN_DEPRECATED_OBJC_IMPLEMENTATIONS = YES;
				CLANG_WARN_DIRECT_OBJC_ISA_USAGE = YES_ERROR;
				CLANG_WARN_DOCUMENTATION_COMMENTS = YES;
				CLANG_WARN_EMPTY_BODY = YES;
				CLANG_WARN_ENUM_CONVERSION = YES;
				CLANG_WARN_INFINITE_RECURSION = YES;
				CLANG_WARN_INT_CONVERSION = YES;
				CLANG_WARN_NON_LITERAL_NULL_CONVERSION = YES;
				CLANG_WARN_OBJC_IMPLICIT_RETAIN_SELF = YES;
				CLANG_WARN_OBJC_LITERAL_CONVERSION = YES;
				CLANG_WARN_OBJC_ROOT_CLASS = YES_ERROR;
				CLANG_WARN_RANGE_LOOP_ANALYSIS = YES;
				CLANG_WARN_STRICT_PROTOTYPES = YES;
				CLANG_WARN_SUSPICIOUS_MOVE = YES;
				CLANG_WARN_UNGUARDED_AVAILABILITY = YES_AGGRESSIVE;
				CLANG_WARN_UNREACHABLE_CODE = YES;
				CLANG_WARN__DUPLICATE_METHOD_MATCH = YES;
				COPY_PHASE_STRIP = NO;
				DEBUG_INFORMATION_FORMAT = "dwarf-with-dsym";
				ENABLE_NS_ASSERTIONS = NO;
				ENABLE_STRICT_OBJC_MSGSEND = YES;
				GCC_C_LANGUAGE_STANDARD = gnu11;
				GCC_NO_COMMON_BLOCKS = YES;
				GCC_WARN_64_TO_32_BIT_CONVERSION = YES;
				GCC_WARN_ABOUT_RETURN_TYPE = YES_ERROR;
				GCC_WARN_UNDECLARED_SELECTOR = YES;
				GCC_WARN_UNINITIALIZED_AUTOS = YES_AGGRESSIVE;
				GCC_WARN_UNUSED_FUNCTION = YES;
				GCC_WARN_UNUSED_VARIABLE = YES;
				IPHONEOS_DEPLOYMENT_TARGET = 13.0;
				MTL_ENABLE_DEBUG_INFO = NO;
				MTL_FAST_MATH = YES;
				SDKROOT = iphoneos;
				SWIFT_COMPILATION_MODE = wholemodule;
				SWIFT_OPTIMIZATION_LEVEL = "-O";
				VALIDATE_PRODUCT = YES;
			};
			name = Release;
		};
		CE8BD5772335F59F00F6F0C5 /* Debug */ = {
			isa = XCBuildConfiguration;
			buildSettings = {
				ASSETCATALOG_COMPILER_APPICON_NAME = AppIcon;
				CODE_SIGN_STYLE = Automatic;
				INFOPLIST_FILE = HappyMap/Info.plist;
				LD_RUNPATH_SEARCH_PATHS = (
					"$(inherited)",
					"@executable_path/Frameworks",
				);
				PRODUCT_BUNDLE_IDENTIFIER = edu.sysh.syc.HappyMap;
				PRODUCT_NAME = "$(TARGET_NAME)";
				SWIFT_VERSION = 5.0;
				TARGETED_DEVICE_FAMILY = "1,2";
			};
			name = Debug;
		};
		CE8BD5782335F59F00F6F0C5 /* Release */ = {
			isa = XCBuildConfiguration;
			buildSettings = {
				ASSETCATALOG_COMPILER_APPICON_NAME = AppIcon;
				CODE_SIGN_STYLE = Automatic;
				INFOPLIST_FILE = HappyMap/Info.plist;
				LD_RUNPATH_SEARCH_PATHS = (
					"$(inherited)",
					"@executable_path/Frameworks",
				);
				PRODUCT_BUNDLE_IDENTIFIER = edu.sysh.syc.HappyMap;
				PRODUCT_NAME = "$(TARGET_NAME)";
				SWIFT_VERSION = 5.0;
				TARGETED_DEVICE_FAMILY = "1,2";
			};
			name = Release;
		};
		CE8BD57A2335F59F00F6F0C5 /* Debug */ = {
			isa = XCBuildConfiguration;
			buildSettings = {
				ALWAYS_EMBED_SWIFT_STANDARD_LIBRARIES = YES;
				BUNDLE_LOADER = "$(TEST_HOST)";
				CODE_SIGN_STYLE = Automatic;
				INFOPLIST_FILE = HappyMapTests/Info.plist;
				IPHONEOS_DEPLOYMENT_TARGET = 13.0;
				LD_RUNPATH_SEARCH_PATHS = (
					"$(inherited)",
					"@executable_path/Frameworks",
					"@loader_path/Frameworks",
				);
				PRODUCT_BUNDLE_IDENTIFIER = edu.sysh.syc.HappyMapTests;
				PRODUCT_NAME = "$(TARGET_NAME)";
				SWIFT_VERSION = 5.0;
				TARGETED_DEVICE_FAMILY = "1,2";
				TEST_HOST = "$(BUILT_PRODUCTS_DIR)/HappyMap.app/HappyMap";
			};
			name = Debug;
		};
		CE8BD57B2335F59F00F6F0C5 /* Release */ = {
			isa = XCBuildConfiguration;
			buildSettings = {
				ALWAYS_EMBED_SWIFT_STANDARD_LIBRARIES = YES;
				BUNDLE_LOADER = "$(TEST_HOST)";
				CODE_SIGN_STYLE = Automatic;
				INFOPLIST_FILE = HappyMapTests/Info.plist;
				IPHONEOS_DEPLOYMENT_TARGET = 13.0;
				LD_RUNPATH_SEARCH_PATHS = (
					"$(inherited)",
					"@executable_path/Frameworks",
					"@loader_path/Frameworks",
				);
				PRODUCT_BUNDLE_IDENTIFIER = edu.sysh.syc.HappyMapTests;
				PRODUCT_NAME = "$(TARGET_NAME)";
				SWIFT_VERSION = 5.0;
				TARGETED_DEVICE_FAMILY = "1,2";
				TEST_HOST = "$(BUILT_PRODUCTS_DIR)/HappyMap.app/HappyMap";
			};
			name = Release;
		};
		CE8BD57D2335F59F00F6F0C5 /* Debug */ = {
			isa = XCBuildConfiguration;
			buildSettings = {
				ALWAYS_EMBED_SWIFT_STANDARD_LIBRARIES = YES;
				CODE_SIGN_STYLE = Automatic;
				INFOPLIST_FILE = HappyMapUITests/Info.plist;
				LD_RUNPATH_SEARCH_PATHS = (
					"$(inherited)",
					"@executable_path/Frameworks",
					"@loader_path/Frameworks",
				);
				PRODUCT_BUNDLE_IDENTIFIER = edu.sysh.syc.HappyMapUITests;
				PRODUCT_NAME = "$(TARGET_NAME)";
				SWIFT_VERSION = 5.0;
				TARGETED_DEVICE_FAMILY = "1,2";
				TEST_TARGET_NAME = HappyMap;
			};
			name = Debug;
		};
		CE8BD57E2335F59F00F6F0C5 /* Release */ = {
			isa = XCBuildConfiguration;
			buildSettings = {
				ALWAYS_EMBED_SWIFT_STANDARD_LIBRARIES = YES;
				CODE_SIGN_STYLE = Automatic;
				INFOPLIST_FILE = HappyMapUITests/Info.plist;
				LD_RUNPATH_SEARCH_PATHS = (
					"$(inherited)",
					"@executable_path/Frameworks",
					"@loader_path/Frameworks",
				);
				PRODUCT_BUNDLE_IDENTIFIER = edu.sysh.syc.HappyMapUITests;
				PRODUCT_NAME = "$(TARGET_NAME)";
				SWIFT_VERSION = 5.0;
				TARGETED_DEVICE_FAMILY = "1,2";
				TEST_TARGET_NAME = HappyMap;
			};
			name = Release;
		};
/* End XCBuildConfiguration section */

/* Begin XCConfigurationList section */
		CE8BD5472335F59E00F6F0C5 /* Build configuration list for PBXProject "HappyMap" */ = {
			isa = XCConfigurationList;
			buildConfigurations = (
				CE8BD5742335F59F00F6F0C5 /* Debug */,
				CE8BD5752335F59F00F6F0C5 /* Release */,
			);
			defaultConfigurationIsVisible = 0;
			defaultConfigurationName = Release;
		};
		CE8BD5762335F59F00F6F0C5 /* Build configuration list for PBXNativeTarget "HappyMap" */ = {
			isa = XCConfigurationList;
			buildConfigurations = (
				CE8BD5772335F59F00F6F0C5 /* Debug */,
				CE8BD5782335F59F00F6F0C5 /* Release */,
			);
			defaultConfigurationIsVisible = 0;
			defaultConfigurationName = Release;
		};
		CE8BD5792335F59F00F6F0C5 /* Build configuration list for PBXNativeTarget "HappyMapTests" */ = {
			isa = XCConfigurationList;
			buildConfigurations = (
				CE8BD57A2335F59F00F6F0C5 /* Debug */,
				CE8BD57B2335F59F00F6F0C5 /* Release */,
			);
			defaultConfigurationIsVisible = 0;
			defaultConfigurationName = Release;
		};
		CE8BD57C2335F59F00F6F0C5 /* Build configuration list for PBXNativeTarget "HappyMapUITests" */ = {
			isa = XCConfigurationList;
			buildConfigurations = (
				CE8BD57D2335F59F00F6F0C5 /* Debug */,
				CE8BD57E2335F59F00F6F0C5 /* Release */,
			);
			defaultConfigurationIsVisible = 0;
			defaultConfigurationName = Release;
		};
/* End XCConfigurationList section */
	};
	rootObject = CE8BD5442335F59E00F6F0C5 /* Project object */;
}
